lockfileVersion: '9.0'

settings:
  autoInstallPeers: true
  excludeLinksFromLockfile: false

importers:

  .:
    dependencies:
      '@veramo/core':
        specifier: ^7.0.1
        version: 7.0.1
      '@veramo/did-comm':
        specifier: ^7.0.1
        version: 7.0.1
      '@veramo/did-manager':
        specifier: ^7.0.1
        version: 7.0.1
      '@veramo/did-provider-peer':
        specifier: ^7.0.1
        version: 7.0.1
      '@veramo/did-resolver':
        specifier: ^7.0.1
        version: 7.0.1
      '@veramo/key-manager':
        specifier: ^7.0.1
        version: 7.0.1
      '@veramo/kms-local':
        specifier: ^7.0.1
        version: 7.0.1
      '@veramo/message-handler':
        specifier: ^7.0.1
        version: 7.0.1
      did-resolver:
        specifier: ^6.0.0
        version: 6.0.0
      web-did-resolver:
        specifier: ^2.0.32
        version: 2.0.32

packages:

  '@adraffy/ens-normalize@1.11.1':
    resolution: {integrity: sha512-nhCBV3quEgesuf7c7KYfperqSS14T8bYuvJ8PcLJp6znkZpFc0AuW4qBtr8eKVyPPe/8RSr7sglCWPU5eaxwKQ==}

  '@aviarytech/did-peer@0.0.22':
    resolution: {integrity: sha512-BdA7L9wpYNLf1c3d0yB92aoj1AUWE10p408VZ4IJXfavb/oNxALZRRRJTcvMdrd5P2XXQsP5+x4bXfO24iRURg==}

  '@ipld/dag-pb@4.2.0':
    resolution: {integrity: sha512-T2hsy18NNAUkIiQgvtrhKJXIkTjKcGHPJzp6mYp/tx4x0X9wedUTrCNADEP4hAS7Vy4/bJtc37eX4GSDFiKLhw==}
    engines: {node: '>=16.0.0', npm: '>=7.0.0'}

  '@isaacs/cliui@8.0.2':
    resolution: {integrity: sha512-O8jcjabXaleOG9DQ0+ARXWZBTfnP4WNAqzuiJK7ll44AmxGKv/J2M4TPjxjY3znBCfvBXFzucm1twdyFybFqEA==}
    engines: {node: '>=12'}

  '@multiformats/base-x@4.0.1':
    resolution: {integrity: sha512-eMk0b9ReBbV23xXU693TAIrLyeO5iTgBZGSJfpqriG8UkYvr/hC9u9pyMlAakDNHWmbhMZCDs6KQO0jzKD8OTw==}

  '@noble/ciphers@1.3.0':
    resolution: {integrity: sha512-2I0gnIVPtfnMw9ee9h1dJG7tp81+8Ob3OJb3Mv37rx5L40/b0i7djjCVvGOVqc9AEIQyvyu1i6ypKdFw8R8gQw==}
    engines: {node: ^14.21.3 || >=16}

  '@noble/curves@1.2.0':
    resolution: {integrity: sha512-oYclrNgRaM9SsBUBVbb8M6DTV7ZHRTKugureoYEncY5c65HOmRzvSiTE3y5CYaPYJA/GVkrhXEoF0M3Ya9PMnw==}

  '@noble/curves@1.9.7':
    resolution: {integrity: sha512-gbKGcRUYIjA3/zCCNaWDciTMFI0dCkvou3TL8Zmy5Nc7sJ47a0jtOeZoTaMxkuqRo9cRhjOdZJXegxYE5FN/xw==}
    engines: {node: ^14.21.3 || >=16}

  '@noble/hashes@1.3.2':
    resolution: {integrity: sha512-MVC8EAQp7MvEcm30KWENFjgR+Mkmf+D189XJTkFIlwohU5hcBbn1ZkKq7KVTi2Hme3PMGF390DaL52beVrIihQ==}
    engines: {node: '>= 16'}

  '@noble/hashes@1.8.0':
    resolution: {integrity: sha512-jCs9ldd7NwzpgXDIf6P3+NrHh9/sD6CQdxHyjQI+h/6rDNo88ypBxxz45UDuZHz9r3tNz7N/VInSVoVdtXEI4A==}
    engines: {node: ^14.21.3 || >=16}

  '@pkgjs/parseargs@0.11.0':
    resolution: {integrity: sha512-+1VkjdD0QBLPodGrJUeqarH8VAIvQODIbwh9XpP5Syisf7YoQgsJKPNFoqqLQlu+VQ/tVSshMR6loPMn8U+dPg==}
    engines: {node: '>=14'}

  '@scure/base@2.4.0':
    resolution: {integrity: sha512-thZ1TuJwFwBblOhgsjDKvvGirBxNp+wSvY/DR6tJBJOTDhdAAcHJ8Vbr2eFnqaxeca4+t0i9KBf+uHYGWwZORg==}

  '@sqltools/formatter@1.2.5':
    resolution: {integrity: sha512-Uy0+khmZqUrUGm5dmMqVlnvufZRSK0FbYzVgp0UMstm+F5+W2/jnEEQyc9vo1ZR/E5ZI/B1WjjoTqBqwJL6Krw==}

  '@stablelib/aes-kw@2.0.1':
    resolution: {integrity: sha512-6JUz3HK4DKVax+JRouM+/5o6FZngTbtLtcE5EwsN11SI23zRJxfxDd7azb5rkN0qE9U5vvZoFSBJ/ugHIkLRBA==}

  '@stablelib/aes@2.0.1':
    resolution: {integrity: sha512-LpDuPe9Cr/IXXJaCHDCAITtVa7uLV6P+Cs3V8lZw87sElX7eOLk1OHTSzzvWagTJf++O+o3EISawHh1uzyi4qw==}

  '@stablelib/binary@1.0.1':
    resolution: {integrity: sha512-ClJWvmL6UBM/wjkvv/7m5VP3GMr9t0osr4yVgLZsLCOz4hGN9gIAFEqnJ0TsSMAN+n840nf2cHZnA5/KFqHC7Q==}

  '@stablelib/binary@2.0.1':
    resolution: {integrity: sha512-U9iAO8lXgEDONsA0zPPSgcf3HUBNAqHiJmSHgZz62OvC3Hi2Bhc5kTnQ3S1/L+sthDTHtCMhcEiklmIly6uQ3w==}

  '@stablelib/blockcipher@2.0.0':
    resolution: {integrity: sha512-c0iMTah5a5KxeqVyf6ejpaRkYanODvGaQn8wgvLLAnY23fHZMjhR6ycQVvasW2nIzAmc+faetpRORJqAfaE/yw==}

  '@stablelib/bytes@1.0.1':
    resolution: {integrity: sha512-Kre4Y4kdwuqL8BR2E9hV/R5sOrUj6NanZaZis0V6lX5yzqC3hBuVSDXUIBqQv/sCpmuWRiHLwqiT1pqqjuBXoQ==}

  '@stablelib/constant-time@1.0.1':
    resolution: {integrity: sha512-tNOs3uD0vSJcK6z1fvef4Y+buN7DXhzHDPqRLSXUel1UfqMB1PWNsnnAezrKfEwTLpN0cGH2p9NNjs6IqeD0eg==}

  '@stablelib/constant-time@2.0.1':
    resolution: {integrity: sha512-0NWPogffRm+UWBH0+iM5otZmNrVe5OHFIvyoNIVankMAYOQzMwcdVALOVPrB5Ho0dST+Oc3H8/hPh65Z8R/uew==}

  '@stablelib/int@1.0.1':
    resolution: {integrity: sha512-byr69X/sDtDiIjIV6m4roLVWnNNlRGzsvxw+agj8CIEazqWGOQp2dTYgQhtyVXV9wpO6WyXRQUzLV/JRNumT2w==}

  '@stablelib/int@2.0.1':
    resolution: {integrity: sha512-Ht63fQp3wz/F8U4AlXEPb7hfJOIILs8Lq55jgtD7KueWtyjhVuzcsGLSTAWtZs3XJDZYdF1WcSKn+kBtbzupww==}

  '@stablelib/keyagreement@1.0.1':
    resolution: {integrity: sha512-VKL6xBwgJnI6l1jKrBAfn265cspaWBPAPEc62VBQrWHLqVgNRE09gQ/AnOEyKUWrrqfD+xSQ3u42gJjLDdMDQg==}

  '@stablelib/nacl@1.0.4':
    resolution: {integrity: sha512-PJ2U/MrkXSKUM8C4qFs87WeCNxri7KQwR8Cdwm9q2sweGuAtTvOJGuW0F3N+zn+ySLPJA98SYWSSpogMJ1gCmw==}

  '@stablelib/poly1305@1.0.1':
    resolution: {integrity: sha512-1HlG3oTSuQDOhSnLwJRKeTRSAdFNVB/1djy2ZbS35rBSJ/PFqx9cf9qatinWghC2UbfOYD8AcrtbUQl8WoxabA==}

  '@stablelib/random@1.0.2':
    resolution: {integrity: sha512-rIsE83Xpb7clHPVRlBj8qNe5L8ISQOzjghYQm/dZ7VaM2KHYwMW5adjQjrzTZCchFnNCNhkwtnOBa9HTMJCI8w==}

  '@stablelib/salsa20@1.0.2':
    resolution: {integrity: sha512-nfjKzw0KTKrrKBasEP+j7UP4I8Xudom8lVZIBCp0kQNARXq72IlSic0oabg2FC1NU68L4RdHrNJDd8bFwrphYA==}

  '@stablelib/wipe@1.0.1':
    resolution: {integrity: sha512-WfqfX/eXGiAd3RJe4VU2snh/ZPwtSjLG4ynQ/vYzvghTh7dHFcI1wl+nrkWG6lGhukOxOsUHfv8dUXr58D0ayg==}

  '@stablelib/wipe@2.0.1':
    resolution: {integrity: sha512-1eU2K9EgOcV4qc9jcP6G72xxZxEm5PfeI5H55l08W95b4oRJaqhmlWRc4xZAm6IVSKhVNxMi66V67hCzzuMTAg==}

  '@stablelib/x25519@1.0.3':
    resolution: {integrity: sha512-KnTbKmUhPhHavzobclVJQG5kuivH+qDLpe84iRqX3CLrKp881cF160JvXJ+hjn1aMyCwYOKeIZefIH/P5cJoRw==}

  '@stablelib/xsalsa20@1.0.2':
    resolution: {integrity: sha512-7XdBGbcNgBShmuhDXv1G1WPVCkjZdkb1oPMzSidO7Fve0MHntH6TjFkj5bfLI+aRE+61weO076vYpP/jmaAYog==}

  '@types/node@22.7.5':
    resolution: {integrity: sha512-jML7s2NAzMWc//QSJ1a3prpk78cOPchGvXJsC3C6R6PSMoooztvRVQEz89gmBTBY1SPMaqo5teB4uNHPdetShQ==}

  '@veramo/core-types@7.0.1':
    resolution: {integrity: sha512-lL2znhERpLDMMvBC4nSipHMjUOeRcXp+b25ELWFb9GB78IDfoqUikSzzVPN61KQXaIIemtoWfAIJeJMFoiH4FA==}

  '@veramo/core@7.0.1':
    resolution: {integrity: sha512-zr/1t7ukjZ4dFcXX09y5vTDZDFriXQ9hYLjkyaMuwEv2WrH5C2vCKgy817/lwN1tAuFOga95Eta3X3aN+xIOnw==}

  '@veramo/did-comm@7.0.1':
    resolution: {integrity: sha512-juLEWhw/6I1a9nS4RMw27GwQIhktMHAYCfwWhR290/UjdIpmlCLR/mOp16+D/UstVExHjv8FqNlQl1kAtb66wg==}

  '@veramo/did-discovery@7.0.1':
    resolution: {integrity: sha512-UPEEgtmVSsYcQo/Ysly1que9DrjjRCfqy4dRyYPXK2Iyy6IoI1UX8lP8/32nzrk3CCBPV+MR3iZ11pydMwdT9A==}

  '@veramo/did-manager@7.0.1':
    resolution: {integrity: sha512-ycEN8Yda89tHpUTjp1ewUFynwTisgYrFpmsaYJpA8ypNcN+VukrS9hIYb42hUHiJWf4/ylnp3XwIwt1QdPT5ag==}

  '@veramo/did-provider-peer@7.0.1':
    resolution: {integrity: sha512-v4uxiQJsYfpAk+7hWJBlf6gc2JzA9zQ+PgyUfSYy0lbomjHlDA5bhvIenGuIP60G9zYmXUYvC0cioElVfGotig==}

  '@veramo/did-resolver@7.0.1':
    resolution: {integrity: sha512-QFG+43yo4eWkrGsa3VPwg4VuhGFmBEek4vTbyw1+PGE2SVq/NQebObTrbVkmTxIc23O2OdW/e4d9OyuUMmwPuQ==}

  '@veramo/key-manager@7.0.1':
    resolution: {integrity: sha512-NQd6iDhgIOqpEj6K5hFwI7RBE8KGosxmfTVwO8deIxBemzuMx9VAKOYc6IdMydQvnT+ueostnMHmBfwkiAX/lg==}

  '@veramo/kms-local@7.0.1':
    resolution: {integrity: sha512-CrDWt6bIeBHAOliUqziBGmwtGcCZMb2iqJ3lwgLawRM+GceNw0ob69YxPpY24sIzeXYMAqpyQ/KM4mgQT4qZIg==}

  '@veramo/kv-store@7.0.1':
    resolution: {integrity: sha512-znX1eMedel8clsTuT0DD8/t3aQbwjs6ATq/YwDHgM0xLR3gLXxO1X7tS/nXiBh/qar2q8Jb3CxQrsA/wbf/vAw==}

  '@veramo/mediation-manager@7.0.1':
    resolution: {integrity: sha512-s9SDLAyph2YmSkHq9QYMRWouI9Ok/0Qo2phiCaFJpQO+lWv6Fvdt6ebIUnQ1wICMoiwRl6E9u4mErreVQBBqzQ==}

  '@veramo/message-handler@7.0.1':
    resolution: {integrity: sha512-hCLKkfAnBKPUqSyVKAknejq4Vcc4BYYFGkAWhz+mPiDN/zWlNLikrq1f8fFVw/BbG4fH4qCnDGZBASRS83vLcQ==}

  '@veramo/utils@7.0.1':
    resolution: {integrity: sha512-/WxmFrtqaVZ4SzreftjP+aKaHHqUI8RtfEdW4H7XHlyUNqWD6Zjsjme+1vk1S0i0RDHzGGJxGk2gLbIDzO0Ovw==}

  aes-js@4.0.0-beta.5:
    resolution: {integrity: sha512-G965FqalsNyrPqgEGON7nIx1e/OVENSgiEIzyC63haUMuvNnwIgIjMs52hlTCKhkBny7A2ORNlfY9Zu+jmGk1Q==}

  ansi-regex@5.0.1:
    resolution: {integrity: sha512-quJQXlTSUGL2LH9SUXo8VwsY4soanhgo6LNSm84E1LBcE8s3O0wpdiRzyR9z/ZZJMlMWv37qOOb9pdJlMUEKFQ==}
    engines: {node: '>=8'}

  ansi-regex@6.3.0:
    resolution: {integrity: sha512-WpDfL7NO6j7tH88IDBNVdUJxDh9nmCteAVW9dsep846XdwF4naCBK+/tGLX3KJgcpgMRXCFlTM2hKGoK9FsdrQ==}
    engines: {node: '>=12'}

  ansi-styles@4.3.0:
    resolution: {integrity: sha512-zbB9rCJAT1rbjiVDb2hqKFHNYLxgtk8NURxZ3IZwD3F6NtxbXZQCnnSi1Lkx+IDohdPlFp222wVALIheZJQSEg==}
    engines: {node: '>=8'}

  ansi-styles@6.2.3:
    resolution: {integrity: sha512-4Dj6M28JB+oAH8kFkTLUo+a2jwOFkuqb3yucU0CANcRRUbxS0cP0nZYCGjcc3BNXwRIsUVmDGgzawme7zvJHvg==}
    engines: {node: '>=12'}

  ansis@4.4.0:
    resolution: {integrity: sha512-9k3v7xcHwgdO/DruxGIg4HtjvlAZlcnsX/mzqUb1t3NkYnl9kK2UJ+Gq0io+vQf7iT//BD/HB/NBkUR1LWxoeA==}
    engines: {node: '>=14'}

  app-root-path@3.1.0:
    resolution: {integrity: sha512-biN3PwB2gUtjaYy/isrU3aNWI5w+fAfvHkSvCKeQGxhmYpwKFUxudR3Yya+KqVRHBmEDYh+/lTozYCFbmzX4nA==}
    engines: {node: '>= 6.0.0'}

  available-typed-arrays@1.0.7:
    resolution: {integrity: sha512-wvUjBtSGN7+7SjNpq/9M2Tg350UZD3q62IFZLbRAR1bSMlCo1ZaeW+BJ+D090e4hIIZLBcTDWe4Mh4jvUDajzQ==}
    engines: {node: '>= 0.4'}

  balanced-match@1.0.2:
    resolution: {integrity: sha512-3oSeUO0TMV67hN1AmbXsK4yaqU7tjiHlbxRDZOpH0KW9+CeX4bRAaX0Anxt0tx2MrpRpWwQaPwIlISEJhYU5Pw==}

  base64-js@1.5.1:
    resolution: {integrity: sha512-AKpaYlHn8t4SVbOHCy+b5+KKgvR4vrsD8vbvrbiQJps7fKDTkjkDry6ji0rUJjC0kzbNePLwzxq8iypo41qeWA==}

  brace-expansion@2.1.7:
    resolution: {integrity: sha512-uZbew1NqdmPDTMJ8ah1y+b+9QEJrfkXFk3RcTQw3X0jW/xRUvFKsg1CfQdSYGdTbXZWExtU3J3ccxtnfw1Fi0g==}

  buffer@6.0.3:
    resolution: {integrity: sha512-FTiCpNxtwiZZHEZbcbTIcZjERVICn9yq/pDFkTl95/AxzD1naBctN7YO68riM/gLSDY7sdrMby8hofADYuuqOA==}

  call-bind-apply-helpers@1.0.2:
    resolution: {integrity: sha512-Sp1ablJ0ivDkSzjcaJdxEunN5/XvksFJ2sMBFfq6x0ryhQV/2b/KwFe21cMpmHtPOSij8K99/wSfoEuTObmuMQ==}
    engines: {node: '>= 0.4'}

  call-bind@1.0.9:
    resolution: {integrity: sha512-a/hy+pNsFUTR+Iz8TCJvXudKVLAnz/DyeSUo10I5yvFDQJBFU2s9uqQpoSrJlroHUKoKqzg+epxyP9lqFdzfBQ==}
    engines: {node: '>= 0.4'}

  call-bound@1.0.4:
    resolution: {integrity: sha512-+ys997U96po4Kx/ABpBCqhA9EuxJaQWDQg7295H4hBphv3IZg0boBKuwYpt4YXp6MZ5AmZQnU/tyMTlRpaSejg==}
    engines: {node: '>= 0.4'}

  canonicalize@2.1.0:
    resolution: {integrity: sha512-F705O3xrsUtgt98j7leetNhTWPe+5S72rlL5O4jA1pKqBVQ/dT1O1D6PFxmSXvc0SUOinWS57DKx0I3CHrXJHQ==}
    hasBin: true

  cliui@8.0.1:
    resolution: {integrity: sha512-BSeNnyus75C4//NQ9gQt1/csTXyo/8Sb+afLAkzAptFuMsod9HFokGNudZpi/oQV73hnVK+sR+5PVRMd+Dr7YQ==}
    engines: {node: '>=12'}

  color-convert@2.0.1:
    resolution: {integrity: sha512-RRECPsj7iu/xb5oKYcsFHSppFNnsj/52OVTRKb4zP5onXwVF3zVmmToNcOfGC+CRDpfK/U584fMg38ZHCaElKQ==}
    engines: {node: '>=7.0.0'}

  color-name@1.1.4:
    resolution: {integrity: sha512-dOy+3AuW3a2wNbZHIuMZpTcgjGuLU/uBL/ubcZF9OXbDo8ff4O8yVp5Bf0efS8uEoYo5q4Fx7dY9OgQGXgAsQA==}

  commander@11.1.0:
    resolution: {integrity: sha512-yPVavfyCcRhmorC7rWlkHn15b4wDVgVmBA7kV4QVBsF7kv/9TKJAbAXVTxvTnwP8HHKjRCJDClKbciiYS7p0DQ==}
    engines: {node: '>=16'}

  credential-status@3.0.4:
    resolution: {integrity: sha512-6xHMXhdIZjhyTzkXx49hR4CjHNEqFJmWEL29CNulGA0XDozHsZXVF34BZyHGz9vWD/Du05pVEDhpZL0jdLGIRw==}

  cross-fetch@4.1.0:
    resolution: {integrity: sha512-uKm5PU+MHTootlWEY+mZ4vvXoCn4fLQxT9dSc1sXVMSFkINTJVN8cAQROpwcKm8bJ/c7rgZVIBWzH5T78sNZZw==}

  cross-spawn@7.0.6:
    resolution: {integrity: sha512-uV2QOWP2nWzsy2aMp8aRibhi9dlzF5Hgh5SHaB9OiTGEyDTiJJyx0uy51QXdyWbtAHNua4XJzUKca3OzKUd3vA==}
    engines: {node: '>= 8'}

  dayjs@1.11.23:
    resolution: {integrity: sha512-QDTCU0M0MxR3hQfnlDJfwekQiaanm1ubOD231u73WBckQ/fsamwRLiE2GBz6D3a/xF1NgfiDLJjXBa1hYOYTtQ==}

  debug@4.4.3:
    resolution: {integrity: sha512-RGwwWnwQvkVfavKVt22FGLw+xYSdzARwm0ru6DhTVA3umU5hZc28V3kO4stgYryrTlLpuvgI9GiijltAjNbcqA==}
    engines: {node: '>=6.0'}
    peerDependencies:
      supports-color: '*'
    peerDependenciesMeta:
      supports-color:
        optional: true

  dedent@1.7.2:
    resolution: {integrity: sha512-WzMx3mW98SN+zn3hgemf4OzdmyNhhhKz5Ay0pUfQiMQ3e1g+xmTJWp/pKdwKVXhdSkAEGIIzqeuWrL3mV/AXbA==}
    peerDependencies:
      babel-plugin-macros: ^3.1.0
    peerDependenciesMeta:
      babel-plugin-macros:
        optional: true

  define-data-property@1.1.4:
    resolution: {integrity: sha512-rBMvIzlpA8v6E+SJZoo++HAYqsLrkg7MSfIinMPFhmkorw7X+dOXVJQs+QT69zGkzMyfDnIMN2Wid1+NbL3T+A==}
    engines: {node: '>= 0.4'}

  did-jwt-vc@4.0.16:
    resolution: {integrity: sha512-is7/e2KdLwtDP3JTnf9sLhUeBQF9AhyGjBuJAAVs5U2Uf8CBchRwDycztHQJCx1voBabVprrmAa9NJMd+qWcSA==}
    engines: {node: '>=18'}

  did-jwt@8.0.18:
    resolution: {integrity: sha512-yS3Y+aUKjYqRFrgR/RY77NuOOqS7SFfvfFH4THhWD6+hkxeUZcKQSsdNZ12QR1Vd48yP9exwae2wzbuOZn0NqQ==}

  did-resolver@4.1.0:
    resolution: {integrity: sha512-S6fWHvCXkZg2IhS4RcVHxwuyVejPR7c+a4Go0xbQ9ps5kILa8viiYQgrM4gfTyeTjJ0ekgJH9gk/BawTpmkbZA==}

  did-resolver@6.0.0:
    resolution: {integrity: sha512-qYlNpucsgfBE0foIqlnEjLx7ZvMTUOkPeIjOhVKPJKm4h8afFNS78zDLbiJPZ2yvY3Z7C79FW1UHSRyehRCpOg==}

  dotenv@16.6.1:
    resolution: {integrity: sha512-uBq4egWHTcTt33a72vpSG0z3HnPuIl6NqYcTrKEg2azoEyl2hpW0zqlxysq2pK9HlDIHyHyakeYaYnSAwd8bow==}
    engines: {node: '>=12'}

  dunder-proto@1.0.1:
    resolution: {integrity: sha512-KIN/nDJBQRcXw0MLVhZE9iQHmG68qAVIBg9CqmUYjmQIhgij9U5MFvrqkUL5FbtyyzZuOeOt0zdeRe4UY7ct+A==}
    engines: {node: '>= 0.4'}

  eastasianwidth@0.2.0:
    resolution: {integrity: sha512-I88TYZWc9XiYHRQ4/3c5rjjfgkjhLyW2luGIheGERbNQ6OY7yTybanSpDXZa8y7VUP9YmDcYa+eyq4ca7iLqWA==}

  emoji-regex@8.0.0:
    resolution: {integrity: sha512-MSjYzcWNOA0ewAHpz0MxpYFvwg6yjy1NG3xteoqz644VCo/RPgnr1/GGt+ic3iJTzQ8Eu3TdM14SawnVUmGE6A==}

  emoji-regex@9.2.2:
    resolution: {integrity: sha512-L18DaJsXSUk2+42pv8mLs5jJT2hqFkFE4j21wOmgbUqsZ2hL72NsUU785g9RXgo3s0ZNgVl42TiHp3ZtOv/Vyg==}

  es-define-property@1.0.1:
    resolution: {integrity: sha512-e3nRfgfUZ4rNGL232gUgX06QNyyez04KdjFrF+LTRoOXmrOgFKDg4BCdsjW8EnT69eqdYGmRpJwiPVYNrCaW3g==}
    engines: {node: '>= 0.4'}

  es-errors@1.3.0:
    resolution: {integrity: sha512-Zf5H2Kxt2xjTvbJvP2ZWLEICxA6j+hAmMzIlypy4xcBg1vKVnx89Wy0GbS+kf5cwCVFFzdCFh2XSCFNULS6csw==}
    engines: {node: '>= 0.4'}

  es-object-atoms@1.1.2:
    resolution: {integrity: sha512-HWcBoN6NileqtSydK2FqHbS/LoDd2pqrnQHLyJzBj4kOp/ky2MWMN694xOfkK8/SnUsW2DH7EfyVlydKCsm1Zw==}
    engines: {node: '>= 0.4'}

  escalade@3.2.0:
    resolution: {integrity: sha512-WUj2qlxaQtO4g6Pq5c29GTcWGDyd8itL8zTlipgECz3JesAiiOKotd8JU6otB3PACgG6xkJUyVhboMS+bje/jA==}
    engines: {node: '>=6'}

  ethers@6.17.0:
    resolution: {integrity: sha512-BpyrpIPJ3ydEVow8zGaz1DuPS7YU8DcWxuBnY9a0UA/lvAPwrMr+EPXsfrul628SRaekPNeIM4UFh/91GWZang==}
    engines: {node: '>=14.0.0'}

  events@3.3.0:
    resolution: {integrity: sha512-mQw+2fkQbALzQ7V0MY0IqdnXNOeTtP4r0lN9z7AAawCXgqea7bDii20AYrIBrFd/Hx0M2Ocz6S111CaFkUcb0Q==}
    engines: {node: '>=0.8.x'}

  for-each@0.3.5:
    resolution: {integrity: sha512-dKx12eRCVIzqCxFGplyFKJMPvLEWgmNtUrpTiJIR5u97zEhRG8ySrtboPHZXx7daLxQVrl643cTzbab2tkQjxg==}
    engines: {node: '>= 0.4'}

  foreground-child@3.3.1:
    resolution: {integrity: sha512-gIXjKqtFuWEgzFRJA9WCQeSJLZDjgJUOMCMzxtvFq/37KojM1BFGufqsCy0r4qSQmYLsZYMeyRqzIWOMup03sw==}
    engines: {node: '>=14'}

  function-bind@1.1.2:
    resolution: {integrity: sha512-7XHNxH7qX9xG5mIwxkhumTox/MIRNcOgDrxWsMt2pAr23WHp6MrRlN7FBSFpCpr+oVO0F744iUgR82nJMfG2SA==}

  get-caller-file@2.0.5:
    resolution: {integrity: sha512-DyFP3BM/3YHTQOCUL/w0OZHR0lpKeGrxotcHWcqNEdnltqFwXVfhEBQ94eIo34AfQpo0rGki4cyIiftY06h2Fg==}
    engines: {node: 6.* || 8.* || >= 10.*}

  get-intrinsic@1.3.0:
    resolution: {integrity: sha512-9fSjSaos/fRIVIp+xSJlE6lfwhES7LNtKaCBIamHsjr2na1BiABJPo0mOjjz8GJDURarmCPGqaiVg5mfjb98CQ==}
    engines: {node: '>= 0.4'}

  get-proto@1.0.1:
    resolution: {integrity: sha512-sTSfBjoXBp89JvIKIefqw7U2CCebsc74kiY6awiGogKtoSGbgjYE/G/+l9sF3MWFPNc9IcoOC4ODfKHfxFmp0g==}
    engines: {node: '>= 0.4'}

  glob@10.5.0:
    resolution: {integrity: sha512-DfXN8DfhJ7NH3Oe7cFmu3NCu1wKbkReJ8TorzSAFbSKrlNaQSKfIzqYqVY8zlbs2NLBbWpRiU52GX2PbaBVNkg==}
    deprecated: Old versions of glob are not supported, and contain widely publicized security vulnerabilities, which have been fixed in the current version. Please update. Support for old versions may be purchased (at exorbitant rates) by contacting i@izs.me
    hasBin: true

  gopd@1.2.0:
    resolution: {integrity: sha512-ZUKRh6/kUFoAiTAtTYPZJ3hw9wNxx+BIBOijnlG9PnrJsCcSjs1wyyD6vJpaYtgnzDrKYRSqf3OO6Rfa93xsRg==}
    engines: {node: '>= 0.4'}

  has-property-descriptors@1.0.2:
    resolution: {integrity: sha512-55JNKuIW+vq4Ke1BjOTjM2YctQIvCT7GFzHwmfZPGo5wnrgkid0YQtnAleFSqumZm4az3n2BS+erby5ipJdgrg==}

  has-symbols@1.1.0:
    resolution: {integrity: sha512-1cDNdwJ2Jaohmb3sg4OmKaMBwuC48sYni5HUw2DvsC8LjGTLK9h+eb1X6RyuOHe4hT0ULCW68iomhjUoKUqlPQ==}
    engines: {node: '>= 0.4'}

  has-tostringtag@1.0.2:
    resolution: {integrity: sha512-NqADB8VjPFLM2V0VvHUewwwsw0ZWBaIdgo+ieHtK3hasLz4qeCRjYcqfB6AQrBggRKppKF8L52/VqdVsO47Dlw==}
    engines: {node: '>= 0.4'}

  hasown@2.0.4:
    resolution: {integrity: sha512-T2UbfbBEF32wiepXIsMlTW9+dDYC6wMh/t/vYA4tuOMKqWz/n3vr1NFSxQiyP+zk2mXsoMA/i/7qV6LKut1t1A==}
    engines: {node: '>= 0.4'}

  ieee754@1.2.1:
    resolution: {integrity: sha512-dcyqhDvX1C46lXZcVqCpK+FtMRQVdIMN6/Df5js2zouUsqG7I6sFxitIC+7KYK29KdXOLHdu9zL4sFnoVQnqaA==}

  inherits@2.0.4:
    resolution: {integrity: sha512-k/vGaX4/Yla3WzyMCvTQOXYeIHvqOKtnqBduzTHpzpQZzAskKMhZ2K+EnBiSM9zGSoIFeMpXKxa4dYeZIQqewQ==}

  ipfs-unixfs@11.2.5:
    resolution: {integrity: sha512-uasYJ0GLPbViaTFsOLnL9YPjX5VmhnqtWRriogAHOe4ApmIi9VAOFBzgDHsUW2ub4pEa/EysbtWk126g2vkU/g==}

  is-callable@1.2.7:
    resolution: {integrity: sha512-1BC0BVFhS/p0qtw6enp8e+8OD0UrK0oFLztSjNzhcKA3WDuJxxAPXzPuPtKkjEY9UUoEWlX/8fgKeu2S8i9JTA==}
    engines: {node: '>= 0.4'}

  is-fullwidth-code-point@3.0.0:
    resolution: {integrity: sha512-zymm5+u+sCsSWyD9qNaejV3DFvhCKclKdizYaJUuHA83RLjb7nSuGnddCHGv0hk+KY7BMAlsWeK4Ueg6EV6XQg==}
    engines: {node: '>=8'}

  is-typed-array@1.1.15:
    resolution: {integrity: sha512-p3EcsicXjit7SaskXHs1hA91QxgTw46Fv6EFKKGS5DRFLD8yKnohjF3hxoju94b/OcMZoQukzpPpBE9uLVKzgQ==}
    engines: {node: '>= 0.4'}

  isarray@2.0.5:
    resolution: {integrity: sha512-xHjhDr3cNBK0BzdUJSPXZntQUx/mwMS5Rw4A7lPJ90XGAO6ISP/ePDNuo0vhqOZU+UD5JoodwCAAoZQd3FeAKw==}

  isexe@2.0.0:
    resolution: {integrity: sha512-RHxMLp9lnKHGHRng9QFhRCMbYAcVpn69smSGcq3f36xjgVVWThj4qqLbTLlq7Ssj8B+fIQ1EuCEGI2lKsyQeIw==}

  jackspeak@3.4.3:
    resolution: {integrity: sha512-OGlZQpz2yfahA/Rd1Y8Cd9SIEsqvXkLVoSw/cgwhnhFMDbsQFeZYoJJ7bIZBS9BcamUW96asq/npPWugM+RQBw==}

  json-buffer@3.0.1:
    resolution: {integrity: sha512-4bV5BfR2mqfQTJm+V5tPPdf+ZpuhiIvTuAB5g8kcrXOZpTT/QwwVRWBywX1ozr6lEuPdbHxwaJlm9G6mI2sfSQ==}

  lodash.get@4.4.2:
    resolution: {integrity: sha512-z+Uw/vLuy6gQe8cfaFWD7p0wVv8fJl3mbzXh33RS+0oW2wvUqiRXiQ69gLWSLpgB5/6sU+r6BlQR0MBILadqTQ==}
    deprecated: This package is deprecated. Use the optional chaining (?.) operator instead.

  lodash.isequal@4.5.0:
    resolution: {integrity: sha512-pDo3lu8Jhfjqls6GkMgpahsF9kCyayhgykjyLMNFTKWrpVdAQtYyB4muAMWozBB4ig/dtWAmsMxLEI8wuz+DYQ==}
    deprecated: This package is deprecated. Use require('node:util').isDeepStrictEqual instead.

  lru-cache@10.4.3:
    resolution: {integrity: sha512-JNAzZcXrCt42VGLuYz0zfAzDfAvJWW6AfYlDBQyDV5DClI2m5sAmK+OIO7s59XfsRsWHp02jAJrRadPRGTt6SQ==}

  math-intrinsics@1.1.0:
    resolution: {integrity: sha512-/IXtbwEk5HTPyEwyKX6hGkYXxM9nbj64B+ilVJnC/R6B0pH5G4V3b0pVbL7DBj4tkhBAppbQUlf6F6Xl9LHu1g==}
    engines: {node: '>= 0.4'}

  minimatch@9.0.9:
    resolution: {integrity: sha512-OBwBN9AL4dqmETlpS2zasx+vTeWclWzkblfZk7KTA5j3jeOONz/tRCnZomUyvNg83wL5Zv9Ss6HMJXAgL8R2Yg==}
    engines: {node: '>=16 || 14 >=14.17'}

  minipass@7.1.3:
    resolution: {integrity: sha512-tEBHqDnIoM/1rXME1zgka9g6Q2lcoCkxHLuc7ODJ5BxbP5d4c2Z5cGgtXAku59200Cx7diuHTOYfSBD8n6mm8A==}
    engines: {node: '>=16 || 14 >=14.17'}

  ms@2.1.3:
    resolution: {integrity: sha512-6FlzubTLZG3J2a/NVCAleEhjzq5oxgHyaCU9yYXvcLsvoVaHJq/s5xXI6/XXP6tz7R9xAOtHnSO/tXtF3WRTlA==}

  multibase@4.0.6:
    resolution: {integrity: sha512-x23pDe5+svdLz/k5JPGCVdfn7Q5mZVMBETiC+ORfO+sor9Sgs0smJzAjfTbM5tckeCqnaUuMYoz+k3RXMmJClQ==}
    engines: {node: '>=12.0.0', npm: '>=6.0.0'}
    deprecated: This module has been superseded by the multiformats module

  multiformats@12.1.3:
    resolution: {integrity: sha512-eajQ/ZH7qXZQR2AgtfpmSMizQzmyYVmCql7pdhldPuYQi4atACekbJaQplk6dWyIi10jCaFnd6pqvcEFXjbaJw==}
    engines: {node: '>=16.0.0', npm: '>=7.0.0'}

  multiformats@13.4.2:
    resolution: {integrity: sha512-eh6eHCrRi1+POZ3dA+Dq1C6jhP1GNtr9CRINMb67OKzqW9I5DUuZM/3jLPlzhgpGeiNUlEGEbkCYChXMCc/8DQ==}

  multiformats@14.0.5:
    resolution: {integrity: sha512-vbIm83F2yZ1pWJGS0yl0ysracIvv56LtbrIyiIQHoLdYDJOMoLfVFsXhh9DUH4SFdkdkFhucyWniihsNzVEjkQ==}

  multiformats@9.9.0:
    resolution: {integrity: sha512-HoMUjhH9T8DDBNT+6xzkrd9ga/XiBI4xLr58LJACwK6G3HTOPeMz4nB4KJs33L2BelrIJa7P0VuNaVF3hMYfjg==}

  node-fetch@2.7.0:
    resolution: {integrity: sha512-c4FRfUm/dbcWZ7U+1Wq0AwCyFL+3nt2bEw05wfxSz+DWpWsitgmSgYmy2dQdWyKC1694ELPqMs/YzUSNozLt8A==}
    engines: {node: 4.x || >=6.0.0}
    peerDependencies:
      encoding: ^0.1.0
    peerDependenciesMeta:
      encoding:
        optional: true

  package-json-from-dist@1.0.1:
    resolution: {integrity: sha512-UEZIS3/by4OC8vL3P2dTXRETpebLI2NiI5vIrjaD/5UtrkFX/tNbwjTSRAGC/+7CAo2pIcBaRgWmcBBHcsaCIw==}

  path-key@3.1.1:
    resolution: {integrity: sha512-ojmeN0qd+y0jszEtoY48r0Peq5dwMEkIlCOu6Q5f41lfkswXuKtYrhgoTpLnyIcHm24Uhqx+5Tqm2InSwLhE6Q==}
    engines: {node: '>=8'}

  path-scurry@1.11.1:
    resolution: {integrity: sha512-Xa4Nw17FS9ApQFJ9umLiJS4orGjm7ZzwUrwamcGQuHSzDyth9boKDaycYdDcZDuqYATXw4HFXgaqWTctW/v1HA==}
    engines: {node: '>=16 || 14 >=14.18'}

  possible-typed-array-names@1.1.0:
    resolution: {integrity: sha512-/+5VFTchJDoVj3bhoqi6UeymcD00DAwb1nJwamzPvHEszJ4FpF6SNNbUbOS8yI56qHzdV8eK0qEfOSiodkTdxg==}
    engines: {node: '>= 0.4'}

  protons-runtime@5.6.0:
    resolution: {integrity: sha512-/Kde+sB9DsMFrddJT/UZWe6XqvL7SL5dbag/DBCElFKhkwDj7XKt53S+mzLyaDP5OqS0wXjV5SA572uWDaT0Hg==}

  reflect-metadata@0.2.2:
    resolution: {integrity: sha512-urBwgfrvVP/eAyXx4hluJivBKzuEbSQs9rKWCrCkbSxNv8mxPcUZKeuoF3Uy4mJl3Lwprp6yy5/39VWigZ4K6Q==}

  require-directory@2.1.1:
    resolution: {integrity: sha512-fGxEI7+wsG9xrvdjsrlmL22OMTTiHRwAMroiEeMgq8gzoLC/PQr7RsRDSTLUg/bZAZtF+TVIkHc6/4RIKrui+Q==}
    engines: {node: '>=0.10.0'}

  safe-buffer@5.2.1:
    resolution: {integrity: sha512-rp3So07KcdmmKbGvgaNxQSJr7bGVSVk5S9Eq1F+ppbRo70+YeaDxkw5Dd8NPN+GD6bjnYm2VuPuCXmpuYvmCXQ==}

  set-function-length@1.2.2:
    resolution: {integrity: sha512-pgRc4hJ4/sNjWCSS9AmnS40x3bNMDTknHgL5UaMBTMyJnU90EgWh1Rz+MC9eFu4BuN/UwZjKQuY/1v3rM7HMfg==}
    engines: {node: '>= 0.4'}

  sha.js@2.4.12:
    resolution: {integrity: sha512-8LzC5+bvI45BjpfXU8V5fdU2mfeKiQe1D1gIMn7XUlF3OTUrpdJpPPH4EMAnF0DsHHdSZqCdSss5qCmJKuiO3w==}
    engines: {node: '>= 0.10'}
    hasBin: true

  shebang-command@2.0.0:
    resolution: {integrity: sha512-kHxr2zZpYtdmrN1qDjrrX/Z1rR1kG8Dx+gkpK1G4eXmvXswmcE1hTWBWYUzlraYw1/yZp6YuDY77YtvbN0dmDA==}
    engines: {node: '>=8'}

  shebang-regex@3.0.0:
    resolution: {integrity: sha512-7++dFhtcx3353uBaq8DDR4NuxBetBzC7ZQOhmTQInHEd6bSrXdiEyzCvG07Z44UYdLShWUyXt5M/yhz8ekcb1A==}
    engines: {node: '>=8'}

  signal-exit@4.1.0:
    resolution: {integrity: sha512-bzyZ1e88w9O1iNJbKnOlvYTrWPDl46O1bG0D3XInv+9tkPrxrN8jUUTiFlDkkmKWgn1M6CfIA13SuGqOa9Korw==}
    engines: {node: '>=14'}

  sql-highlight@6.1.0:
    resolution: {integrity: sha512-ed7OK4e9ywpE7pgRMkMQmZDPKSVdm0oX5IEtZiKnFucSF0zu6c80GZBe38UqHuVhTWJ9xsKgSMjCG2bml86KvA==}
    engines: {node: '>=14'}

  string-width@4.2.3:
    resolution: {integrity: sha512-wKyQRQpjJ0sIp62ErSZdGsjMJWsap5oRNihHhu6G7JVO/9jIB6UyevL+tXuOqrng8j/cxKTWyWUwvSTriiZz/g==}
    engines: {node: '>=8'}

  string-width@5.1.2:
    resolution: {integrity: sha512-HnLOCR3vjcY8beoNLtcjZ5/nxn2afmME6lhrDrebokqMap+XbeW8n9TXpPDOqdGK5qcI3oT0GKTW6wC7EMiVqA==}
    engines: {node: '>=12'}

  strip-ansi@6.0.1:
    resolution: {integrity: sha512-Y38VPSHcqkFrCpFnQ9vuSXmquuv5oXOKpGeT6aGrr3o3Gc9AlVa6JBfUSOCnbxGGZF+/0ooI7KrPuUSztUdU5A==}
    engines: {node: '>=8'}

  strip-ansi@7.2.0:
    resolution: {integrity: sha512-yDPMNjp4WyfYBkHnjIRLfca1i6KMyGCtsVgoKe/z1+6vukgaENdgGBZt+ZmKPc4gavvEZ5OgHfHdrazhgNyG7w==}
    engines: {node: '>=12'}

  to-buffer@1.2.2:
    resolution: {integrity: sha512-db0E3UJjcFhpDhAF4tLo03oli3pwl3dbnzXOUIlRKrp+ldk/VUxzpWYZENsw2SZiuBjHAk7DfB0VU7NKdpb6sw==}
    engines: {node: '>= 0.4'}

  tr46@0.0.3:
    resolution: {integrity: sha512-N3WMsuqV66lT30CrXNbEjx4GEwlow3v6rr4mCcv6prnfwhS01rkgyFdjPNBYd9br7LpXV1+Emh01fHnq2Gdgrw==}

  tslib@2.7.0:
    resolution: {integrity: sha512-gLXCKdN1/j47AiHiOkJN69hJmcbGTHI0ImLmbYLHykhgeN0jVGola9yVjFgzCUklsZQMW55o+dW7IXv3RCXDzA==}

  tslib@2.8.1:
    resolution: {integrity: sha512-oJFu94HQb+KVduSUQL7wnpmqnfmLsOA/nAh6b6EH0wCEoK0/mPeXU6c3wKDV83MkOuHPRHtSXKKU99IBazS/2w==}

  typed-array-buffer@1.0.3:
    resolution: {integrity: sha512-nAYYwfY3qnzX30IkA6AQZjVbtK6duGontcQm1WSG1MD94YLqK0515GNApXkoxKOWMusVssAHWLh9SeaoefYFGw==}
    engines: {node: '>= 0.4'}

  typeorm@0.3.31:
    resolution: {integrity: sha512-6u9EFtdLBgHjnPm78NStVeM+I/1MolTzKykDDcydzKUkh6E++YS6XViU/fePJbvDvEGU4Xq34KOM/CLeer9I2A==}
    engines: {node: '>=16.13.0'}
    hasBin: true
    peerDependencies:
      '@google-cloud/spanner': ^5.18.0 || ^6.0.0 || ^7.0.0 || ^8.0.0
      '@sap/hana-client': ^2.14.22
      better-sqlite3: ^8.0.0 || ^9.0.0 || ^10.0.0 || ^11.0.0 || ^12.0.0
      ioredis: ^5.0.4
      mongodb: ^5.8.0 || ^6.0.0
      mssql: ^9.1.1 || ^10.0.0 || ^11.0.0 || ^12.0.0
      mysql2: ^2.2.5 || ^3.0.1
      oracledb: ^6.3.0 || ^7.0.0
      pg: ^8.5.1
      pg-native: ^3.0.0
      pg-query-stream: ^4.0.0
      redis: ^3.1.1 || ^4.0.0 || ^5.0.14
      sql.js: ^1.4.0
      sqlite3: ^5.0.3 || ^6.0.0
      ts-node: ^10.7.0
      typeorm-aurora-data-api-driver: ^2.0.0 || ^3.0.0
    peerDependenciesMeta:
      '@google-cloud/spanner':
        optional: true
      '@sap/hana-client':
        optional: true
      better-sqlite3:
        optional: true
      ioredis:
        optional: true
      mongodb:
        optional: true
      mssql:
        optional: true
      mysql2:
        optional: true
      oracledb:
        optional: true
      pg:
        optional: true
      pg-native:
        optional: true
      pg-query-stream:
        optional: true
      redis:
        optional: true
      sql.js:
        optional: true
      sqlite3:
        optional: true
      ts-node:
        optional: true
      typeorm-aurora-data-api-driver:
        optional: true

  uint8-varint@2.0.5:
    resolution: {integrity: sha512-jeFLbL/x30wBRnWjKE1qVBXeumG46r7XmYkpis955lTQ+blccGKFrOsSMHlxePwYB1pI7L8YPHz1t4jLxEs3nA==}

  uint8arraylist@2.4.9:
    resolution: {integrity: sha512-KxWjyEFzchzik3aoQlK66oaoxIReoMo5bQRm1fcjBUZvE8xv/tyR3CTKhjh6K/faV8VaF6hd5pjr45CzbwuwkA==}

  uint8arrays@3.1.1:
    resolution: {integrity: sha512-+QJa8QRnbdXVpHYjLoTpJIdCTiw9Ir62nocClWuXIq2JIh4Uta0cQsTSpFL678p2CN8B+XSApwcU+pQEqVpKWg==}

  uint8arrays@4.0.10:
    resolution: {integrity: sha512-AnJNUGGDJAgFw/eWu/Xb9zrVKEGlwJJCaeInlf3BkecE/zcTobk5YXYIPNQJO1q5Hh1QZrQQHf0JvcHqz2hqoA==}

  uint8arrays@5.1.1:
    resolution: {integrity: sha512-9muQwa4wZG4dKi9gMAIBtnk2Pw87SRpvWTH6lOGm19V2Uqxr4uomUf2PGqPnWc+qs06sN8owUU4jfcoWOcfwVQ==}

  undici-types@6.19.8:
    resolution: {integrity: sha512-ve2KP6f/JnbPBFyobGHuerC9g1FYGn/F8n1LWTwNxCEzd6IfqTwUQcNXgEtmmQ6DlRrC1hrSrBnCZPokRrDHjw==}

  uuid@11.1.1:
    resolution: {integrity: sha512-vIYxrBCC/N/K+Js3qSN88go7kIfNPssr/hHCesKCQNAjmgvYS2oqr69kIufEG+O4+PfezOH4EbIeHCfFov8ZgQ==}
    hasBin: true

  validator@13.15.35:
    resolution: {integrity: sha512-TQ5pAGhd5whStmqWvYF4OjQROlmv9SMFVt37qoCBdqRffuuklWYQlCNnEs2ZaIBD1kZRNnikiZOS1eqgkar0iw==}
    engines: {node: '>= 0.10'}

  web-did-resolver@2.0.32:
    resolution: {integrity: sha512-L91/ApTmDjgzS0UDstTKn3kN/1hlQBnVcUN8K29e3xhVBpPktHYC6uvVAQ8ohbIg9D6wrrbaBQvfRArDxgJG2g==}

  webidl-conversions@3.0.1:
    resolution: {integrity: sha512-2JAn3z8AR6rjK8Sm8orRC0h/bcl/DqL7tRPdGZ4I1CjdF+EaMLmYxBHyXuKL849eucPFhvBoxMsflfOb8kxaeQ==}

  whatwg-url@5.0.0:
    resolution: {integrity: sha512-saE57nupxk6v3HY35+jzBwYa0rKSy0XR8JSxZPwgLr7ys0IBzhGviA1/TUGJLmSVqs8pb9AnvICXEuOHLprYTw==}

  which-typed-array@1.1.24:
    resolution: {integrity: sha512-wk4Mf4pR5mRP7eYuuTBCIQ9d0ud2Fv2jRLQpfgnRjbOxAFHmjKFValgTpitVKzJJS8ajnYQV2Du1SZ8j6b/EUQ==}
    engines: {node: '>= 0.4'}

  which@2.0.2:
    resolution: {integrity: sha512-BLI3Tl1TW3Pvl70l3yq3Y64i+awpwXqsGBYWkkqMtnbXgrMD+yj7rhW0kuEDxzJaYXGjEW5ogapKNMEKNMjibA==}
    engines: {node: '>= 8'}
    hasBin: true

  wrap-ansi@7.0.0:
    resolution: {integrity: sha512-YVGIj2kamLSTxw6NsZjoBxfSwsn0ycdesmc4p+Q21c5zPuZ1pl+NfxVdxPtdHvmNVOQ6XSYG4AUtyt/Fi7D16Q==}
    engines: {node: '>=10'}

  wrap-ansi@8.1.0:
    resolution: {integrity: sha512-si7QWI6zUMq56bESFvagtmzMdGOtoxfR+Sez11Mobfc7tm+VkUckk9bW2UeffTGVUbOksxmSw0AA2gs8g71NCQ==}
    engines: {node: '>=12'}

  ws@8.21.0:
    resolution: {integrity: sha512-Vsp28b7DRcimFQvrqu2Wek3z1iYxDCWqHYB8Qsnk/S4RfaCQzPGPyBNuVjJV3cd6UiKtUtp6sNM77gWvzcCH+g==}
    engines: {node: '>=10.0.0'}
    peerDependencies:
      bufferutil: ^4.0.1
      utf-8-validate: '>=5.0.2'
    peerDependenciesMeta:
      bufferutil:
        optional: true
      utf-8-validate:
        optional: true

  y18n@5.0.8:
    resolution: {integrity: sha512-0pfFzegeDWJHJIAmTLRP2DwHjdF5s7jo9tuztdQxAhINCdvS+3nGINqPd00AphqJR/0LhANUS6/+7SCb98YOfA==}
    engines: {node: '>=10'}

  yargs-parser@21.1.1:
    resolution: {integrity: sha512-tVpsJW7DdjecAiFpbIB1e3qxIQsE6NoPc5/eTdrbbIC4h0LVsWhnoa3g+m2HclBIujHzsxZ4VJVA+GUuc2/LBw==}
    engines: {node: '>=12'}

  yargs@17.7.3:
    resolution: {integrity: sha512-GZtjxm/J/4TSxuL3FNYjCmLktBTnIw/rVmKSIyKeYAZpmJB2ig9VauCC5xsa82GNKVKDAqpOn3KVzNt0zmrU0g==}
    engines: {node: '>=12'}

  z-schema@6.0.2:
    resolution: {integrity: sha512-9fQb2ZhpMD0ZQXYw0ll5ya6uLQm3Xtt4DXY2RV3QO1QVI4ihSzSWirlgkDsMgGg4qK0EV4tLOJgRSH2bn0cbIw==}
    engines: {node: '>=16.0.0'}
    hasBin: true

snapshots:

  '@adraffy/ens-normalize@1.11.1': {}

  '@aviarytech/did-peer@0.0.22':
    dependencies:
      buffer: 6.0.3

  '@ipld/dag-pb@4.2.0':
    dependencies:
      multiformats: 14.0.5

  '@isaacs/cliui@8.0.2':
    dependencies:
      string-width: 5.1.2
      string-width-cjs: string-width@4.2.3
      strip-ansi: 7.2.0
      strip-ansi-cjs: strip-ansi@6.0.1
      wrap-ansi: 8.1.0
      wrap-ansi-cjs: wrap-ansi@7.0.0

  '@multiformats/base-x@4.0.1': {}

  '@noble/ciphers@1.3.0': {}

  '@noble/curves@1.2.0':
    dependencies:
      '@noble/hashes': 1.3.2

  '@noble/curves@1.9.7':
    dependencies:
      '@noble/hashes': 1.8.0

  '@noble/hashes@1.3.2': {}

  '@noble/hashes@1.8.0': {}

  '@pkgjs/parseargs@0.11.0':
    optional: true

  '@scure/base@2.4.0': {}

  '@sqltools/formatter@1.2.5': {}

  '@stablelib/aes-kw@2.0.1':
    dependencies:
      '@stablelib/aes': 2.0.1
      '@stablelib/binary': 2.0.1
      '@stablelib/blockcipher': 2.0.0
      '@stablelib/constant-time': 2.0.1
      '@stablelib/wipe': 2.0.1

  '@stablelib/aes@2.0.1':
    dependencies:
      '@stablelib/binary': 2.0.1
      '@stablelib/blockcipher': 2.0.0
      '@stablelib/wipe': 2.0.1

  '@stablelib/binary@1.0.1':
    dependencies:
      '@stablelib/int': 1.0.1

  '@stablelib/binary@2.0.1':
    dependencies:
      '@stablelib/int': 2.0.1

  '@stablelib/blockcipher@2.0.0': {}

  '@stablelib/bytes@1.0.1': {}

  '@stablelib/constant-time@1.0.1': {}

  '@stablelib/constant-time@2.0.1': {}

  '@stablelib/int@1.0.1': {}

  '@stablelib/int@2.0.1': {}

  '@stablelib/keyagreement@1.0.1':
    dependencies:
      '@stablelib/bytes': 1.0.1

  '@stablelib/nacl@1.0.4':
    dependencies:
      '@stablelib/poly1305': 1.0.1
      '@stablelib/random': 1.0.2
      '@stablelib/wipe': 1.0.1
      '@stablelib/x25519': 1.0.3
      '@stablelib/xsalsa20': 1.0.2

  '@stablelib/poly1305@1.0.1':
    dependencies:
      '@stablelib/constant-time': 1.0.1
      '@stablelib/wipe': 1.0.1

  '@stablelib/random@1.0.2':
    dependencies:
      '@stablelib/binary': 1.0.1
      '@stablelib/wipe': 1.0.1

  '@stablelib/salsa20@1.0.2':
    dependencies:
      '@stablelib/binary': 1.0.1
      '@stablelib/constant-time': 1.0.1
      '@stablelib/wipe': 1.0.1

  '@stablelib/wipe@1.0.1': {}

  '@stablelib/wipe@2.0.1': {}

  '@stablelib/x25519@1.0.3':
    dependencies:
      '@stablelib/keyagreement': 1.0.1
      '@stablelib/random': 1.0.2
      '@stablelib/wipe': 1.0.1

  '@stablelib/xsalsa20@1.0.2':
    dependencies:
      '@stablelib/binary': 1.0.1
      '@stablelib/salsa20': 1.0.2
      '@stablelib/wipe': 1.0.1

  '@types/node@22.7.5':
    dependencies:
      undici-types: 6.19.8

  '@veramo/core-types@7.0.1':
    dependencies:
      credential-status: 3.0.4
      debug: 4.4.3
      did-jwt-vc: 4.0.16
      did-resolver: 4.1.0
    transitivePeerDependencies:
      - supports-color

  '@veramo/core@7.0.1':
    dependencies:
      '@veramo/core-types': 7.0.1
      debug: 4.4.3
      events: 3.3.0
      z-schema: 6.0.2
    transitivePeerDependencies:
      - supports-color

  '@veramo/did-comm@7.0.1':
    dependencies:
      '@noble/ciphers': 1.3.0
      '@noble/curves': 1.9.7
      '@stablelib/aes-kw': 2.0.1
      '@veramo/core-types': 7.0.1
      '@veramo/kv-store': 7.0.1
      '@veramo/mediation-manager': 7.0.1
      '@veramo/message-handler': 7.0.1
      '@veramo/utils': 7.0.1
      cross-fetch: 4.1.0
      debug: 4.4.3
      did-jwt: 8.0.18
      did-resolver: 4.1.0
      uuid: 11.1.1
    transitivePeerDependencies:
      - '@google-cloud/spanner'
      - '@sap/hana-client'
      - babel-plugin-macros
      - better-sqlite3
      - bufferutil
      - encoding
      - ioredis
      - mongodb
      - mssql
      - mysql2
      - oracledb
      - pg
      - pg-native
      - pg-query-stream
      - redis
      - sql.js
      - sqlite3
      - supports-color
      - ts-node
      - typeorm-aurora-data-api-driver
      - utf-8-validate

  '@veramo/did-discovery@7.0.1':
    dependencies:
      '@veramo/core-types': 7.0.1
      debug: 4.4.3
    transitivePeerDependencies:
      - supports-color

  '@veramo/did-manager@7.0.1':
    dependencies:
      '@veramo/core-types': 7.0.1
      '@veramo/did-discovery': 7.0.1
    transitivePeerDependencies:
      - supports-color

  '@veramo/did-provider-peer@7.0.1':
    dependencies:
      '@aviarytech/did-peer': 0.0.22
      '@veramo/core-types': 7.0.1
      '@veramo/did-manager': 7.0.1
      '@veramo/utils': 7.0.1
      debug: 4.4.3
      did-resolver: 4.1.0
    transitivePeerDependencies:
      - bufferutil
      - encoding
      - supports-color
      - utf-8-validate

  '@veramo/did-resolver@7.0.1':
    dependencies:
      '@veramo/core-types': 7.0.1
      '@veramo/utils': 7.0.1
      cross-fetch: 4.1.0
      debug: 4.4.3
      did-resolver: 4.1.0
    transitivePeerDependencies:
      - bufferutil
      - encoding
      - supports-color
      - utf-8-validate

  '@veramo/key-manager@7.0.1':
    dependencies:
      '@noble/curves': 1.9.7
      '@veramo/core-types': 7.0.1
      '@veramo/utils': 7.0.1
      debug: 4.4.3
      did-jwt: 8.0.18
      ethers: 6.17.0
      uint8arrays: 4.0.10
      uuid: 11.1.1
    transitivePeerDependencies:
      - bufferutil
      - encoding
      - supports-color
      - utf-8-validate

  '@veramo/kms-local@7.0.1':
    dependencies:
      '@noble/curves': 1.9.7
      '@stablelib/nacl': 1.0.4
      '@veramo/core-types': 7.0.1
      '@veramo/key-manager': 7.0.1
      '@veramo/utils': 7.0.1
      debug: 4.4.3
      did-jwt: 8.0.18
      ethers: 6.17.0
    transitivePeerDependencies:
      - bufferutil
      - encoding
      - supports-color
      - utf-8-validate

  '@veramo/kv-store@7.0.1':
    dependencies:
      '@veramo/core-types': 7.0.1
      '@veramo/utils': 7.0.1
      debug: 4.4.3
      events: 3.3.0
      json-buffer: 3.0.1
      typeorm: 0.3.31
      uint8arrays: 4.0.10
    transitivePeerDependencies:
      - '@google-cloud/spanner'
      - '@sap/hana-client'
      - babel-plugin-macros
      - better-sqlite3
      - bufferutil
      - encoding
      - ioredis
      - mongodb
      - mssql
      - mysql2
      - oracledb
      - pg
      - pg-native
      - pg-query-stream
      - redis
      - sql.js
      - sqlite3
      - supports-color
      - ts-node
      - typeorm-aurora-data-api-driver
      - utf-8-validate

  '@veramo/mediation-manager@7.0.1':
    dependencies:
      '@veramo/core-types': 7.0.1
      '@veramo/kv-store': 7.0.1
      debug: 4.4.3
      uuid: 11.1.1
    transitivePeerDependencies:
      - '@google-cloud/spanner'
      - '@sap/hana-client'
      - babel-plugin-macros
      - better-sqlite3
      - bufferutil
      - encoding
      - ioredis
      - mongodb
      - mssql
      - mysql2
      - oracledb
      - pg
      - pg-native
      - pg-query-stream
      - redis
      - sql.js
      - sqlite3
      - supports-color
      - ts-node
      - typeorm-aurora-data-api-driver
      - utf-8-validate

  '@veramo/message-handler@7.0.1':
    dependencies:
      '@veramo/core-types': 7.0.1
      debug: 4.4.3
    transitivePeerDependencies:
      - supports-color

  '@veramo/utils@7.0.1':
    dependencies:
      '@ipld/dag-pb': 4.2.0
      '@noble/curves': 1.9.7
      '@veramo/core-types': 7.0.1
      credential-status: 3.0.4
      cross-fetch: 4.1.0
      debug: 4.4.3
      did-jwt: 8.0.18
      did-jwt-vc: 4.0.16
      did-resolver: 4.1.0
      ethers: 6.17.0
      ipfs-unixfs: 11.2.5
      multiformats: 13.4.2
      uint8arrays: 4.0.10
    transitivePeerDependencies:
      - bufferutil
      - encoding
      - supports-color
      - utf-8-validate

  aes-js@4.0.0-beta.5: {}

  ansi-regex@5.0.1: {}

  ansi-regex@6.3.0: {}

  ansi-styles@4.3.0:
    dependencies:
      color-convert: 2.0.1

  ansi-styles@6.2.3: {}

  ansis@4.4.0: {}

  app-root-path@3.1.0: {}

  available-typed-arrays@1.0.7:
    dependencies:
      possible-typed-array-names: 1.1.0

  balanced-match@1.0.2: {}

  base64-js@1.5.1: {}

  brace-expansion@2.1.7:
    dependencies:
      balanced-match: 1.0.2

  buffer@6.0.3:
    dependencies:
      base64-js: 1.5.1
      ieee754: 1.2.1

  call-bind-apply-helpers@1.0.2:
    dependencies:
      es-errors: 1.3.0
      function-bind: 1.1.2

  call-bind@1.0.9:
    dependencies:
      call-bind-apply-helpers: 1.0.2
      es-define-property: 1.0.1
      get-intrinsic: 1.3.0
      set-function-length: 1.2.2

  call-bound@1.0.4:
    dependencies:
      call-bind-apply-helpers: 1.0.2
      get-intrinsic: 1.3.0

  canonicalize@2.1.0: {}

  cliui@8.0.1:
    dependencies:
      string-width: 4.2.3
      strip-ansi: 6.0.1
      wrap-ansi: 7.0.0

  color-convert@2.0.1:
    dependencies:
      color-name: 1.1.4

  color-name@1.1.4: {}

  commander@11.1.0:
    optional: true

  credential-status@3.0.4:
    dependencies:
      did-jwt: 8.0.18
      did-resolver: 4.1.0

  cross-fetch@4.1.0:
    dependencies:
      node-fetch: 2.7.0
    transitivePeerDependencies:
      - encoding

  cross-spawn@7.0.6:
    dependencies:
      path-key: 3.1.1
      shebang-command: 2.0.0
      which: 2.0.2

  dayjs@1.11.23: {}

  debug@4.4.3:
    dependencies:
      ms: 2.1.3

  dedent@1.7.2: {}

  define-data-property@1.1.4:
    dependencies:
      es-define-property: 1.0.1
      es-errors: 1.3.0
      gopd: 1.2.0

  did-jwt-vc@4.0.16:
    dependencies:
      did-jwt: 8.0.18
      did-resolver: 4.1.0

  did-jwt@8.0.18:
    dependencies:
      '@noble/ciphers': 1.3.0
      '@noble/curves': 1.9.7
      '@noble/hashes': 1.8.0
      '@scure/base': 2.4.0
      canonicalize: 2.1.0
      did-resolver: 4.1.0
      multibase: 4.0.6
      multiformats: 9.9.0
      uint8arrays: 3.1.1

  did-resolver@4.1.0: {}

  did-resolver@6.0.0: {}

  dotenv@16.6.1: {}

  dunder-proto@1.0.1:
    dependencies:
      call-bind-apply-helpers: 1.0.2
      es-errors: 1.3.0
      gopd: 1.2.0

  eastasianwidth@0.2.0: {}

  emoji-regex@8.0.0: {}

  emoji-regex@9.2.2: {}

  es-define-property@1.0.1: {}

  es-errors@1.3.0: {}

  es-object-atoms@1.1.2:
    dependencies:
      es-errors: 1.3.0

  escalade@3.2.0: {}

  ethers@6.17.0:
    dependencies:
      '@adraffy/ens-normalize': 1.11.1
      '@noble/curves': 1.2.0
      '@noble/hashes': 1.3.2
      '@types/node': 22.7.5
      aes-js: 4.0.0-beta.5
      tslib: 2.7.0
      ws: 8.21.0
    transitivePeerDependencies:
      - bufferutil
      - utf-8-validate

  events@3.3.0: {}

  for-each@0.3.5:
    dependencies:
      is-callable: 1.2.7

  foreground-child@3.3.1:
    dependencies:
      cross-spawn: 7.0.6
      signal-exit: 4.1.0

  function-bind@1.1.2: {}

  get-caller-file@2.0.5: {}

  get-intrinsic@1.3.0:
    dependencies:
      call-bind-apply-helpers: 1.0.2
      es-define-property: 1.0.1
      es-errors: 1.3.0
      es-object-atoms: 1.1.2
      function-bind: 1.1.2
      get-proto: 1.0.1
      gopd: 1.2.0
      has-symbols: 1.1.0
      hasown: 2.0.4
      math-intrinsics: 1.1.0

  get-proto@1.0.1:
    dependencies:
      dunder-proto: 1.0.1
      es-object-atoms: 1.1.2

  glob@10.5.0:
    dependencies:
      foreground-child: 3.3.1
      jackspeak: 3.4.3
      minimatch: 9.0.9
      minipass: 7.1.3
      package-json-from-dist: 1.0.1
      path-scurry: 1.11.1

  gopd@1.2.0: {}

  has-property-descriptors@1.0.2:
    dependencies:
      es-define-property: 1.0.1

  has-symbols@1.1.0: {}

  has-tostringtag@1.0.2:
    dependencies:
      has-symbols: 1.1.0

  hasown@2.0.4:
    dependencies:
      function-bind: 1.1.2

  ieee754@1.2.1: {}

  inherits@2.0.4: {}

  ipfs-unixfs@11.2.5:
    dependencies:
      protons-runtime: 5.6.0
      uint8arraylist: 2.4.9

  is-callable@1.2.7: {}

  is-fullwidth-code-point@3.0.0: {}

  is-typed-array@1.1.15:
    dependencies:
      which-typed-array: 1.1.24

  isarray@2.0.5: {}

  isexe@2.0.0: {}

  jackspeak@3.4.3:
    dependencies:
      '@isaacs/cliui': 8.0.2
    optionalDependencies:
      '@pkgjs/parseargs': 0.11.0

  json-buffer@3.0.1: {}

  lodash.get@4.4.2: {}

  lodash.isequal@4.5.0: {}

  lru-cache@10.4.3: {}

  math-intrinsics@1.1.0: {}

  minimatch@9.0.9:
    dependencies:
      brace-expansion: 2.1.7

  minipass@7.1.3: {}

  ms@2.1.3: {}

  multibase@4.0.6:
    dependencies:
      '@multiformats/base-x': 4.0.1

  multiformats@12.1.3: {}

  multiformats@13.4.2: {}

  multiformats@14.0.5: {}

  multiformats@9.9.0: {}

  node-fetch@2.7.0:
    dependencies:
      whatwg-url: 5.0.0

  package-json-from-dist@1.0.1: {}

  path-key@3.1.1: {}

  path-scurry@1.11.1:
    dependencies:
      lru-cache: 10.4.3
      minipass: 7.1.3

  possible-typed-array-names@1.1.0: {}

  protons-runtime@5.6.0:
    dependencies:
      uint8-varint: 2.0.5
      uint8arraylist: 2.4.9
      uint8arrays: 5.1.1

  reflect-metadata@0.2.2: {}

  require-directory@2.1.1: {}

  safe-buffer@5.2.1: {}

  set-function-length@1.2.2:
    dependencies:
      define-data-property: 1.1.4
      es-errors: 1.3.0
      function-bind: 1.1.2
      get-intrinsic: 1.3.0
      gopd: 1.2.0
      has-property-descriptors: 1.0.2

  sha.js@2.4.12:
    dependencies:
      inherits: 2.0.4
      safe-buffer: 5.2.1
      to-buffer: 1.2.2

  shebang-command@2.0.0:
    dependencies:
      shebang-regex: 3.0.0

  shebang-regex@3.0.0: {}

  signal-exit@4.1.0: {}

  sql-highlight@6.1.0: {}

  string-width@4.2.3:
    dependencies:
      emoji-regex: 8.0.0
      is-fullwidth-code-point: 3.0.0
      strip-ansi: 6.0.1

  string-width@5.1.2:
    dependencies:
      eastasianwidth: 0.2.0
      emoji-regex: 9.2.2
      strip-ansi: 7.2.0

  strip-ansi@6.0.1:
    dependencies:
      ansi-regex: 5.0.1

  strip-ansi@7.2.0:
    dependencies:
      ansi-regex: 6.3.0

  to-buffer@1.2.2:
    dependencies:
      isarray: 2.0.5
      safe-buffer: 5.2.1
      typed-array-buffer: 1.0.3

  tr46@0.0.3: {}

  tslib@2.7.0: {}

  tslib@2.8.1: {}

  typed-array-buffer@1.0.3:
    dependencies:
      call-bound: 1.0.4
      es-errors: 1.3.0
      is-typed-array: 1.1.15

  typeorm@0.3.31:
    dependencies:
      '@sqltools/formatter': 1.2.5
      ansis: 4.4.0
      app-root-path: 3.1.0
      buffer: 6.0.3
      dayjs: 1.11.23
      debug: 4.4.3
      dedent: 1.7.2
      dotenv: 16.6.1
      glob: 10.5.0
      reflect-metadata: 0.2.2
      sha.js: 2.4.12
      sql-highlight: 6.1.0
      tslib: 2.8.1
      uuid: 11.1.1
      yargs: 17.7.3
    transitivePeerDependencies:
      - babel-plugin-macros
      - supports-color

  uint8-varint@2.0.5:
    dependencies:
      uint8arraylist: 2.4.9
      uint8arrays: 5.1.1

  uint8arraylist@2.4.9:
    dependencies:
      uint8arrays: 5.1.1

  uint8arrays@3.1.1:
    dependencies:
      multiformats: 9.9.0

  uint8arrays@4.0.10:
    dependencies:
      multiformats: 12.1.3

  uint8arrays@5.1.1:
    dependencies:
      multiformats: 13.4.2

  undici-types@6.19.8: {}

  uuid@11.1.1: {}

  validator@13.15.35: {}

  web-did-resolver@2.0.32:
    dependencies:
      cross-fetch: 4.1.0
      did-resolver: 4.1.0
    transitivePeerDependencies:
      - encoding

  webidl-conversions@3.0.1: {}

  whatwg-url@5.0.0:
    dependencies:
      tr46: 0.0.3
      webidl-conversions: 3.0.1

  which-typed-array@1.1.24:
    dependencies:
      available-typed-arrays: 1.0.7
      call-bind: 1.0.9
      call-bound: 1.0.4
      for-each: 0.3.5
      get-proto: 1.0.1
      gopd: 1.2.0
      has-tostringtag: 1.0.2

  which@2.0.2:
    dependencies:
      isexe: 2.0.0

  wrap-ansi@7.0.0:
    dependencies:
      ansi-styles: 4.3.0
      string-width: 4.2.3
      strip-ansi: 6.0.1

  wrap-ansi@8.1.0:
    dependencies:
      ansi-styles: 6.2.3
      string-width: 5.1.2
      strip-ansi: 7.2.0

  ws@8.21.0: {}

  y18n@5.0.8: {}

  yargs-parser@21.1.1: {}

  yargs@17.7.3:
    dependencies:
      cliui: 8.0.1
      escalade: 3.2.0
      get-caller-file: 2.0.5
      require-directory: 2.1.1
      string-width: 4.2.3
      y18n: 5.0.8
      yargs-parser: 21.1.1

  z-schema@6.0.2:
    dependencies:
      lodash.get: 4.4.2
      lodash.isequal: 4.5.0
      validator: 13.15.35
    optionalDependencies:
      commander: 11.1.0
